
Microsoft Visual Studio Solution File, Format Version 12.00
# Visual Studio Version 17
VisualStudioVersion = 17.10.35013.160
MinimumVisualStudioVersion = 10.0.40219.1
Project("{FAE04EC0-301F-11D3-BF4B-00C04F79EFBC}") = "JEUX_ESCARGOT", "JEUX_ESCARGOT\JEUX_ESCARGOT.csproj", "{22824BFF-CDEA-4447-A9A7-94BB49180404}"
EndProject
Global
	GlobalSection(SolutionConfigurationPlatforms) = preSolution
		Debug|Any CPU = Debug|Any CPU
		Release|Any CPU = Release|Any CPU
	EndGlobalSection
	GlobalSection(ProjectConfigurationPlatforms) = postSolution
		{22824BFF-CDEA-4447-A9A7-94BB49180404}.Debug|Any CPU.ActiveCfg = Debug|Any CPU
		{22824BFF-CDEA-4447-A9A7-94BB49180404}.Debug|Any CPU.Build.0 = Debug|Any CPU
		{22824BFF-CDEA-4447-A9A7-94BB49180404}.Release|Any CPU.ActiveCfg = Release|Any CPU
		{22824BFF-CDEA-4447-A9A7-94BB49180404}.Release|Any CPU.Build.0 = Release|Any CPU
	EndGlobalSection
	GlobalSection(SolutionProperties) = preSolution
		HideSolutionNode = FALSE
	EndGlobalSection
	GlobalSection(ExtensibilityGlobals) = postSolution
		SolutionGuid = {36FE4AE6-FB1E-47CF-B455-9658894BFB24}
	EndGlobalSection
EndGlobal
